
Microsoft Visual Studio Solution File, Format Version 12.00
# Visual Studio Version 17
VisualStudioVersion = 17.10.35122.118
MinimumVisualStudioVersion = 10.0.40219.1
Project("{8BC9CEB8-8B4A-11D0-8D11-00A0C91BC942}") = "BEGIN_20240814_반복문 활용", "BEGIN_20240814_반복문 활용\BEGIN_20240814_반복문 활용.vcxproj", "{000889C3-0FE0-4F18-AB9A-AB6E209E12AA}"
EndProject
Global
	GlobalSection(SolutionConfigurationPlatforms) = preSolution
		Debug|x64 = Debug|x64
		Debug|x86 = Debug|x86
		Release|x64 = Release|x64
		Release|x86 = Release|x86
	EndGlobalSection
	GlobalSection(ProjectConfigurationPlatforms) = postSolution
		{000889C3-0FE0-4F18-AB9A-AB6E209E12AA}.Debug|x64.ActiveCfg = Debug|x64
		{000889C3-0FE0-4F18-AB9A-AB6E209E12AA}.Debug|x64.Build.0 = Debug|x64
		{000889C3-0FE0-4F18-AB9A-AB6E209E12AA}.Debug|x86.ActiveCfg = Debug|Win32
		{000889C3-0FE0-4F18-AB9A-AB6E209E12AA}.Debug|x86.Build.0 = Debug|Win32
		{000889C3-0FE0-4F18-AB9A-AB6E209E12AA}.Release|x64.ActiveCfg = Release|x64
		{000889C3-0FE0-4F18-AB9A-AB6E209E12AA}.Release|x64.Build.0 = Release|x64
		{000889C3-0FE0-4F18-AB9A-AB6E209E12AA}.Release|x86.ActiveCfg = Release|Win32
		{000889C3-0FE0-4F18-AB9A-AB6E209E12AA}.Release|x86.Build.0 = Release|Win32
	EndGlobalSection
	GlobalSection(SolutionProperties) = preSolution
		HideSolutionNode = FALSE
	EndGlobalSection
	GlobalSection(ExtensibilityGlobals) = postSolution
		SolutionGuid = {11FE897B-9405-4A7B-9530-E2708A57A658}
	EndGlobalSection
EndGlobal
