<?xml version="1.0" encoding="utf-8"?>
<Project ToolsVersion="4.0" xmlns="http://schemas.microsoft.com/developer/msbuild/2003">
  <ItemGroup>
    <Filter Include="소스 파일">
      <UniqueIdentifier>{4FC737F1-C7A5-4376-A066-2A32D752A2FF}</UniqueIdentifier>
      <Extensions>cpp;c;cc;cxx;c++;cppm;ixx;def;odl;idl;hpj;bat;asm;asmx</Extensions>
    </Filter>
    <Filter Include="헤더 파일">
      <UniqueIdentifier>{93995380-89BD-4b04-88EB-625FBE52EBFB}</UniqueIdentifier>
      <Extensions>h;hh;hpp;hxx;h++;hm;inl;inc;ipp;xsd</Extensions>
    </Filter>
    <Filter Include="리소스 파일">
      <UniqueIdentifier>{67DA6AB6-F800-4c08-8B7A-83BB121AAD01}</UniqueIdentifier>
      <Extensions>rc;ico;cur;bmp;dlg;rc2;rct;bin;rgs;gif;jpg;jpeg;jpe;resx;tiff;tif;png;wav;mfcribbon-ms</Extensions>
    </Filter>
  </ItemGroup>
  <ItemGroup>
    <ClCompile Include="HonGong.c">
      <Filter>소스 파일</Filter>
    </ClCompile>
    <ClCompile Include="관계 연산의 결괏값 확인_4-5.c">
      <Filter>소스 파일</Filter>
    </ClCompile>
    <ClCompile Include="논리 연산의 결괏값 확인_4-6.c">
      <Filter>소스 파일</Filter>
    </ClCompile>
    <ClCompile Include="연산의 결괏값을 사용하는 방법_4-7.c">
      <Filter>소스 파일</Filter>
    </ClCompile>
    <ClCompile Include="sizeof 연산자의 사용 예_4-9.c.cpp">
      <Filter>소스 파일</Filter>
    </ClCompile>
    <ClCompile Include="복합대입 연산자_4-10.c">
      <Filter>소스 파일</Filter>
    </ClCompile>
    <ClCompile Include="콤마 연산자_4-11.c">
      <Filter>소스 파일</Filter>
    </ClCompile>
    <ClCompile Include="조건 연산자_4-12.c">
      <Filter>소스 파일</Filter>
    </ClCompile>
  </ItemGroup>
  <ItemGroup>
    <None Include="형 변환 연산자가 필요한 경우_4-8.c">
      <Filter>소스 파일</Filter>
    </None>
  </ItemGroup>
</Project>