
Microsoft Visual Studio Solution File, Format Version 12.00
# Visual Studio Version 17
VisualStudioVersion = 17.11.35222.181
MinimumVisualStudioVersion = 10.0.40219.1
Project("{8BC9CEB8-8B4A-11D0-8D11-00A0C91BC942}") = "배열_ Begin_20240904", "배열_ Begin_20240904\배열_ Begin_20240904.vcxproj", "{970F5D3C-DB05-4E1E-A0F0-B33150A8707A}"
EndProject
Global
	GlobalSection(SolutionConfigurationPlatforms) = preSolution
		Debug|x64 = Debug|x64
		Debug|x86 = Debug|x86
		Release|x64 = Release|x64
		Release|x86 = Release|x86
	EndGlobalSection
	GlobalSection(ProjectConfigurationPlatforms) = postSolution
		{970F5D3C-DB05-4E1E-A0F0-B33150A8707A}.Debug|x64.ActiveCfg = Debug|x64
		{970F5D3C-DB05-4E1E-A0F0-B33150A8707A}.Debug|x64.Build.0 = Debug|x64
		{970F5D3C-DB05-4E1E-A0F0-B33150A8707A}.Debug|x86.ActiveCfg = Debug|Win32
		{970F5D3C-DB05-4E1E-A0F0-B33150A8707A}.Debug|x86.Build.0 = Debug|Win32
		{970F5D3C-DB05-4E1E-A0F0-B33150A8707A}.Release|x64.ActiveCfg = Release|x64
		{970F5D3C-DB05-4E1E-A0F0-B33150A8707A}.Release|x64.Build.0 = Release|x64
		{970F5D3C-DB05-4E1E-A0F0-B33150A8707A}.Release|x86.ActiveCfg = Release|Win32
		{970F5D3C-DB05-4E1E-A0F0-B33150A8707A}.Release|x86.Build.0 = Release|Win32
	EndGlobalSection
	GlobalSection(SolutionProperties) = preSolution
		HideSolutionNode = FALSE
	EndGlobalSection
	GlobalSection(ExtensibilityGlobals) = postSolution
		SolutionGuid = {C495DF20-85EB-41F6-B455-C8C52A038F37}
	EndGlobalSection
EndGlobal
